# This file is automatically @generated by Cargo.
# It is not intended for manual editing.
version = 4

[[package]]
name = "chat-core"
version = "0.1.0"

[[package]]
name = "chat-render"
version = "0.1.0"

[[package]]
name = "chat-rplay"
version = "0.1.0"

[[package]]
name = "chat-server"
version = "0.1.0"

[[package]]
name = "chat-twitch"
version = "0.1.0"

[[package]]
name = "chat-youtube"
version = "0.1.0"
